
Microsoft Visual Studio Solution File, Format Version 12.00
# Visual Studio Version 17
VisualStudioVersion = 17.9.34714.143
MinimumVisualStudioVersion = 10.0.40219.1
Project("{FAE04EC0-301F-11D3-BF4B-00C04F79EFBC}") = "Handbook", "Handbook\Handbook.csproj", "{256C1635-3DBC-4EEF-B599-C643558976AF}"
EndProject
Global
	GlobalSection(SolutionConfigurationPlatforms) = preSolution
		Debug|Any CPU = Debug|Any CPU
		Release|Any CPU = Release|Any CPU
	EndGlobalSection
	GlobalSection(ProjectConfigurationPlatforms) = postSolution
		{256C1635-3DBC-4EEF-B599-C643558976AF}.Debug|Any CPU.ActiveCfg = Debug|Any CPU
		{256C1635-3DBC-4EEF-B599-C643558976AF}.Debug|Any CPU.Build.0 = Debug|Any CPU
		{256C1635-3DBC-4EEF-B599-C643558976AF}.Release|Any CPU.ActiveCfg = Release|Any CPU
		{256C1635-3DBC-4EEF-B599-C643558976AF}.Release|Any CPU.Build.0 = Release|Any CPU
	EndGlobalSection
	GlobalSection(SolutionProperties) = preSolution
		HideSolutionNode = FALSE
	EndGlobalSection
	GlobalSection(ExtensibilityGlobals) = postSolution
		SolutionGuid = {3CB172B0-FB1C-46D7-9ECD-9F87CD4DEB5A}
	EndGlobalSection
EndGlobal
